{
  "name": "trademind-ai",
  "version": "0.1.0",
  "lockfileVersion": 3,
  "requires": true,
  "packages": {
    "": {
      "name": "trademind-ai",
      "version": "0.1.0",
      "workspaces": [
        "packages/*",
        "services/*",
        "services/mcp-servers/*",
        "services/agents/*",
        "apps/*"
      ],
      "devDependencies": {
        "@types/node": "^20.14.10",
        "typescript": "^5.5.4"
      },
      "engines": {
        "node": ">=20.0.0"
      }
    },
    "apps/dashboard-web": {
      "name": "@trademind/dashboard-web",
      "version": "0.1.0"
    },
    "node_modules/@trademind/calibration-agent": {
      "resolved": "services/agents/calibration-agent",
      "link": true
    },
    "node_modules/@trademind/challenger-agent": {
      "resolved": "services/agents/challenger-agent",
      "link": true
    },
    "node_modules/@trademind/communication-agent": {
      "resolved": "services/agents/communication-agent",
      "link": true
    },
    "node_modules/@trademind/compliance-agent": {
      "resolved": "services/agents/compliance-agent",
      "link": true
    },
    "node_modules/@trademind/compliance-db-mcp": {
      "resolved": "services/mcp-servers/compliance-db-mcp",
      "link": true
    },
    "node_modules/@trademind/confidence-gate": {
      "resolved": "services/confidence-gate",
      "link": true
    },
    "node_modules/@trademind/context-engine": {
      "resolved": "services/context-engine",
      "link": true
    },
    "node_modules/@trademind/dashboard-api": {
      "resolved": "services/dashboard-api",
      "link": true
    },
    "node_modules/@trademind/dashboard-web": {
      "resolved": "apps/dashboard-web",
      "link": true
    },
    "node_modules/@trademind/ingress-bus": {
      "resolved": "services/ingress-bus",
      "link": true
    },
    "node_modules/@trademind/market-data-mcp": {
      "resolved": "services/mcp-servers/market-data-mcp",
      "link": true
    },
    "node_modules/@trademind/market-intelligence-agent": {
      "resolved": "services/agents/market-intelligence-agent",
      "link": true
    },
    "node_modules/@trademind/planner": {
      "resolved": "services/planner",
      "link": true
    },
    "node_modules/@trademind/portfolio-agent": {
      "resolved": "services/agents/portfolio-agent",
      "link": true
    },
    "node_modules/@trademind/portfolio-mcp": {
      "resolved": "services/mcp-servers/portfolio-mcp",
      "link": true
    },
    "node_modules/@trademind/risk-analysis-agent": {
      "resolved": "services/agents/risk-analysis-agent",
      "link": true
    },
    "node_modules/@trademind/risk-engine-mcp": {
      "resolved": "services/mcp-servers/risk-engine-mcp",
      "link": true
    },
    "node_modules/@trademind/shared-types": {
      "resolved": "packages/shared-types",
      "link": true
    },
    "node_modules/@trademind/slack-mcp": {
      "resolved": "services/mcp-servers/slack-mcp",
      "link": true
    },
    "node_modules/@trademind/trade-reconciliation-agent": {
      "resolved": "services/agents/trade-reconciliation-agent",
      "link": true
    },
    "node_modules/@trademind/trade-records-mcp": {
      "resolved": "services/mcp-servers/trade-records-mcp",
      "link": true
    },
    "node_modules/@types/node": {
      "version": "20.19.43",
      "resolved": "https://registry.npmjs.org/@types/node/-/node-20.19.43.tgz",
      "integrity": "sha512-6oYBAi5ikg4Pl+kGsoYtawUMBT2zZMCvPNF7pVLnHZfd1zf38DRiWn/gT01RYCdUqkv7Fhr+C9ot4/tb+2sVvA==",
      "dev": true,
      "license": "MIT",
      "dependencies": {
        "undici-types": "~6.21.0"
      }
    },
    "node_modules/typescript": {
      "version": "5.9.3",
      "resolved": "https://registry.npmjs.org/typescript/-/typescript-5.9.3.tgz",
      "integrity": "sha512-jl1vZzPDinLr9eUt3J/t7V6FgNEw9QjvBPdysz9KfQDD41fQrC2Y4vKQdiaUpFT4bXlb1RHhLpp8wtm6M5TgSw==",
      "dev": true,
      "license": "Apache-2.0",
      "bin": {
        "tsc": "bin/tsc",
        "tsserver": "bin/tsserver"
      },
      "engines": {
        "node": ">=14.17"
      }
    },
    "node_modules/undici-types": {
      "version": "6.21.0",
      "resolved": "https://registry.npmjs.org/undici-types/-/undici-types-6.21.0.tgz",
      "integrity": "sha512-iwDZqg0QAGrg9Rav5H4n0M64c3mkR59cJ6wQp+7C4nI0gsmExaedaYLNO44eT4AtBBwjbTiGPMlt2Md0T9H9JQ==",
      "dev": true,
      "license": "MIT"
    },
    "packages/shared-types": {
      "name": "@trademind/shared-types",
      "version": "0.1.0",
      "devDependencies": {
        "typescript": "^5.5.4"
      }
    },
    "services/agents/calibration-agent": {
      "name": "@trademind/calibration-agent",
      "version": "0.1.0",
      "dependencies": {
        "@trademind/shared-types": "*"
      },
      "devDependencies": {
        "typescript": "^5.5.4"
      }
    },
    "services/agents/challenger-agent": {
      "name": "@trademind/challenger-agent",
      "version": "0.1.0",
      "dependencies": {
        "@trademind/shared-types": "*"
      },
      "devDependencies": {
        "typescript": "^5.5.4"
      }
    },
    "services/agents/communication-agent": {
      "name": "@trademind/communication-agent",
      "version": "0.1.0",
      "dependencies": {
        "@trademind/shared-types": "*"
      },
      "devDependencies": {
        "typescript": "^5.5.4"
      }
    },
    "services/agents/compliance-agent": {
      "name": "@trademind/compliance-agent",
      "version": "0.1.0",
      "dependencies": {
        "@trademind/shared-types": "*"
      },
      "devDependencies": {
        "typescript": "^5.5.4"
      }
    },
    "services/agents/market-intelligence-agent": {
      "name": "@trademind/market-intelligence-agent",
      "version": "0.1.0",
      "dependencies": {
        "@trademind/shared-types": "*"
      },
      "devDependencies": {
        "typescript": "^5.5.4"
      }
    },
    "services/agents/portfolio-agent": {
      "name": "@trademind/portfolio-agent",
      "version": "0.1.0",
      "dependencies": {
        "@trademind/shared-types": "*"
      },
      "devDependencies": {
        "typescript": "^5.5.4"
      }
    },
    "services/agents/risk-analysis-agent": {
      "name": "@trademind/risk-analysis-agent",
      "version": "0.1.0",
      "dependencies": {
        "@trademind/shared-types": "*"
      },
      "devDependencies": {
        "typescript": "^5.5.4"
      }
    },
    "services/agents/trade-reconciliation-agent": {
      "name": "@trademind/trade-reconciliation-agent",
      "version": "0.1.0",
      "dependencies": {
        "@trademind/shared-types": "*"
      },
      "devDependencies": {
        "typescript": "^5.5.4"
      }
    },
    "services/confidence-gate": {
      "name": "@trademind/confidence-gate",
      "version": "0.1.0",
      "dependencies": {
        "@trademind/shared-types": "*"
      },
      "devDependencies": {
        "typescript": "^5.5.4"
      }
    },
    "services/context-engine": {
      "name": "@trademind/context-engine",
      "version": "0.1.0",
      "dependencies": {
        "@trademind/shared-types": "*"
      },
      "devDependencies": {
        "typescript": "^5.5.4"
      }
    },
    "services/dashboard-api": {
      "name": "@trademind/dashboard-api",
      "version": "0.1.0",
      "dependencies": {
        "@trademind/shared-types": "*"
      },
      "devDependencies": {
        "typescript": "^5.5.4"
      }
    },
    "services/ingress-bus": {
      "name": "@trademind/ingress-bus",
      "version": "0.1.0",
      "dependencies": {
        "@trademind/shared-types": "*"
      },
      "devDependencies": {
        "typescript": "^5.5.4"
      }
    },
    "services/mcp-servers/compliance-db-mcp": {
      "name": "@trademind/compliance-db-mcp",
      "version": "0.1.0",
      "dependencies": {
        "@trademind/shared-types": "*"
      },
      "devDependencies": {
        "typescript": "^5.5.4"
      }
    },
    "services/mcp-servers/market-data-mcp": {
      "name": "@trademind/market-data-mcp",
      "version": "0.1.0",
      "dependencies": {
        "@trademind/shared-types": "*"
      },
      "devDependencies": {
        "typescript": "^5.5.4"
      }
    },
    "services/mcp-servers/portfolio-mcp": {
      "name": "@trademind/portfolio-mcp",
      "version": "0.1.0",
      "dependencies": {
        "@trademind/shared-types": "*"
      },
      "devDependencies": {
        "typescript": "^5.5.4"
      }
    },
    "services/mcp-servers/risk-engine-mcp": {
      "name": "@trademind/risk-engine-mcp",
      "version": "0.1.0",
      "dependencies": {
        "@trademind/shared-types": "*"
      },
      "devDependencies": {
        "typescript": "^5.5.4"
      }
    },
    "services/mcp-servers/slack-mcp": {
      "name": "@trademind/slack-mcp",
      "version": "0.1.0",
      "dependencies": {
        "@trademind/shared-types": "*"
      },
      "devDependencies": {
        "typescript": "^5.5.4"
      }
    },
    "services/mcp-servers/trade-records-mcp": {
      "name": "@trademind/trade-records-mcp",
      "version": "0.1.0",
      "dependencies": {
        "@trademind/shared-types": "*"
      },
      "devDependencies": {
        "typescript": "^5.5.4"
      }
    },
    "services/planner": {
      "name": "@trademind/planner",
      "version": "0.1.0",
      "dependencies": {
        "@trademind/shared-types": "*"
      },
      "devDependencies": {
        "typescript": "^5.5.4"
      }
    }
  }
}
